Microsoft Visual Studio Solution File, Format Version 12.00
# Visual Studio 15
VisualStudioVersion = 15.0.27703.2026
MinimumVisualStudioVersion = 10.0.40219.1
Project("{FAE04EC0-301F-11D3-BF4B-00C04F79EFBC}") = "PhotoCollage.Android", "PhotoCollage.Android\PhotoCollage.Android.csproj", "{E0B121C9-8149-48B1-8EA4-D81CB1D94411}"
EndProject
Project("{FAE04EC0-301F-11D3-BF4B-00C04F79EFBC}") = "PhotoCollage.iOS", "PhotoCollage.iOS\PhotoCollage.iOS.csproj", "{32978F1E-DFE9-45F2-B682-A9A7C495F88C}"
EndProject
Project("{9A19103F-16F7-4668-BE54-9A1E7A4F7556}") = "PhotoCollage", "PhotoCollage\PhotoCollage.csproj", "{553640BE-A87A-4A54-8884-EAD49A64C3D3}"
EndProject
Global
	GlobalSection(SolutionConfigurationPlatforms) = preSolution
		Ad-Hoc|Any CPU = Ad-Hoc|Any CPU
		Ad-Hoc|iPhone = Ad-Hoc|iPhone
		Ad-Hoc|iPhoneSimulator = Ad-Hoc|iPhoneSimulator
		AppStore|Any CPU = AppStore|Any CPU
		AppStore|iPhone = AppStore|iPhone
		AppStore|iPhoneSimulator = AppStore|iPhoneSimulator
		Debug|Any CPU = Debug|Any CPU
		Debug|iPhone = Debug|iPhone
		Debug|iPhoneSimulator = Debug|iPhoneSimulator
		Release|Any CPU = Release|Any CPU
		Release|iPhone = Release|iPhone
		Release|iPhoneSimulator = Release|iPhoneSimulator
	EndGlobalSection
	GlobalSection(ProjectConfigurationPlatforms) = postSolution
		{E0B121C9-8149-48B1-8EA4-D81CB1D94411}.Ad-Hoc|Any CPU.ActiveCfg = Release|Any CPU
		{E0B121C9-8149-48B1-8EA4-D81CB1D94411}.Ad-Hoc|Any CPU.Build.0 = Release|Any CPU
		{E0B121C9-8149-48B1-8EA4-D81CB1D94411}.Ad-Hoc|Any CPU.Deploy.0 = Release|Any CPU
		{E0B121C9-8149-48B1-8EA4-D81CB1D94411}.Ad-Hoc|iPhone.ActiveCfg = Debug|Any CPU
		{E0B121C9-8149-48B1-8EA4-D81CB1D94411}.Ad-Hoc|iPhone.Build.0 = Debug|Any CPU
		{E0B121C9-8149-48B1-8EA4-D81CB1D94411}.Ad-Hoc|iPhoneSimulator.ActiveCfg = Release|Any CPU
		{E0B121C9-8149-48B1-8EA4-D81CB1D94411}.Ad-Hoc|iPhoneSimulator.Build.0 = Release|Any CPU
		{E0B121C9-8149-48B1-8EA4-D81CB1D94411}.Ad-Hoc|iPhoneSimulator.Deploy.0 = Release|Any CPU
		{E0B121C9-8149-48B1-8EA4-D81CB1D94411}.AppStore|Any CPU.ActiveCfg = Release|Any CPU
		{E0B121C9-8149-48B1-8EA4-D81CB1D94411}.AppStore|Any CPU.Build.0 = Release|Any CPU
		{E0B121C9-8149-48B1-8EA4-D81CB1D94411}.AppStore|Any CPU.Deploy.0 = Release|Any CPU
		{E0B121C9-8149-48B1-8EA4-D81CB1D94411}.AppStore|iPhone.ActiveCfg = Debug|Any CPU
		{E0B121C9-8149-48B1-8EA4-D81CB1D94411}.AppStore|iPhone.Build.0 = Debug|Any CPU
		{E0B121C9-8149-48B1-8EA4-D81CB1D94411}.AppStore|iPhoneSimulator.ActiveCfg = Release|Any CPU
		{E0B121C9-8149-48B1-8EA4-D81CB1D94411}.AppStore|iPhoneSimulator.Build.0 = Release|Any CPU
		{E0B121C9-8149-48B1-8EA4-D81CB1D94411}.AppStore|iPhoneSimulator.Deploy.0 = Release|Any CPU
		{E0B121C9-8149-48B1-8EA4-D81CB1D94411}.Debug|Any CPU.ActiveCfg = Debug|Any CPU
		{E0B121C9-8149-48B1-8EA4-D81CB1D94411}.Debug|Any CPU.Build.0 = Debug|Any CPU
		{E0B121C9-8149-48B1-8EA4-D81CB1D94411}.Debug|Any CPU.Deploy.0 = Debug|Any CPU
		{E0B121C9-8149-48B1-8EA4-D81CB1D94411}.Debug|iPhone.ActiveCfg = Debug|Any CPU
		{E0B121C9-8149-48B1-8EA4-D81CB1D94411}.Debug|iPhone.Build.0 = Debug|Any CPU
		{E0B121C9-8149-48B1-8EA4-D81CB1D94411}.Debug|iPhoneSimulator.ActiveCfg = Debug|Any CPU
		{E0B121C9-8149-48B1-8EA4-D81CB1D94411}.Debug|iPhoneSimulator.Build.0 = Debug|Any CPU
		{E0B121C9-8149-48B1-8EA4-D81CB1D94411}.Release|Any CPU.ActiveCfg = Release|Any CPU
		{E0B121C9-8149-48B1-8EA4-D81CB1D94411}.Release|Any CPU.Build.0 = Release|Any CPU
		{E0B121C9-8149-48B1-8EA4-D81CB1D94411}.Release|iPhone.ActiveCfg = Release|Any CPU
		{E0B121C9-8149-48B1-8EA4-D81CB1D94411}.Release|iPhone.Build.0 = Release|Any CPU
		{E0B121C9-8149-48B1-8EA4-D81CB1D94411}.Release|iPhoneSimulator.ActiveCfg = Release|Any CPU
		{E0B121C9-8149-48B1-8EA4-D81CB1D94411}.Release|iPhoneSimulator.Build.0 = Release|Any CPU
		{32978F1E-DFE9-45F2-B682-A9A7C495F88C}.Ad-Hoc|Any CPU.ActiveCfg = Ad-Hoc|iPhoneSimulator
		{32978F1E-DFE9-45F2-B682-A9A7C495F88C}.Ad-Hoc|iPhone.ActiveCfg = Ad-Hoc|iPhone
		{32978F1E-DFE9-45F2-B682-A9A7C495F88C}.Ad-Hoc|iPhone.Build.0 = Ad-Hoc|iPhone
		{32978F1E-DFE9-45F2-B682-A9A7C495F88C}.Ad-Hoc|iPhoneSimulator.ActiveCfg = Ad-Hoc|iPhoneSimulator
		{32978F1E-DFE9-45F2-B682-A9A7C495F88C}.Ad-Hoc|iPhoneSimulator.Build.0 = Ad-Hoc|iPhoneSimulator
		{32978F1E-DFE9-45F2-B682-A9A7C495F88C}.AppStore|Any CPU.ActiveCfg = AppStore|iPhoneSimulator
		{32978F1E-DFE9-45F2-B682-A9A7C495F88C}.AppStore|iPhone.ActiveCfg = AppStore|iPhone
		{32978F1E-DFE9-45F2-B682-A9A7C495F88C}.AppStore|iPhone.Build.0 = AppStore|iPhone
		{32978F1E-DFE9-45F2-B682-A9A7C495F88C}.AppStore|iPhoneSimulator.ActiveCfg = AppStore|iPhoneSimulator
		{32978F1E-DFE9-45F2-B682-A9A7C495F88C}.AppStore|iPhoneSimulator.Build.0 = AppStore|iPhoneSimulator
		{32978F1E-DFE9-45F2-B682-A9A7C495F88C}.Debug|Any CPU.ActiveCfg = Debug|iPhoneSimulator
		{32978F1E-DFE9-45F2-B682-A9A7C495F88C}.Debug|Any CPU.Build.0 = Debug|iPhoneSimulator
		{32978F1E-DFE9-45F2-B682-A9A7C495F88C}.Debug|iPhone.ActiveCfg = Debug|iPhone
		{32978F1E-DFE9-45F2-B682-A9A7C495F88C}.Debug|iPhone.Build.0 = Debug|iPhone
		{32978F1E-DFE9-45F2-B682-A9A7C495F88C}.Debug|iPhoneSimulator.ActiveCfg = Debug|iPhoneSimulator
		{32978F1E-DFE9-45F2-B682-A9A7C495F88C}.Debug|iPhoneSimulator.Build.0 = Debug|iPhoneSimulator
		{32978F1E-DFE9-45F2-B682-A9A7C495F88C}.Release|Any CPU.ActiveCfg = Release|iPhoneSimulator
		{32978F1E-DFE9-45F2-B682-A9A7C495F88C}.Release|Any CPU.Build.0 = Release|iPhoneSimulator
		{32978F1E-DFE9-45F2-B682-A9A7C495F88C}.Release|iPhone.ActiveCfg = Release|iPhone
		{32978F1E-DFE9-45F2-B682-A9A7C495F88C}.Release|iPhone.Build.0 = Release|iPhone
		{32978F1E-DFE9-45F2-B682-A9A7C495F88C}.Release|iPhoneSimulator.ActiveCfg = Release|iPhoneSimulator
		{32978F1E-DFE9-45F2-B682-A9A7C495F88C}.Release|iPhoneSimulator.Build.0 = Release|iPhoneSimulator
		{553640BE-A87A-4A54-8884-EAD49A64C3D3}.Ad-Hoc|Any CPU.ActiveCfg = Release|Any CPU
		{553640BE-A87A-4A54-8884-EAD49A64C3D3}.Ad-Hoc|Any CPU.Build.0 = Release|Any CPU
		{553640BE-A87A-4A54-8884-EAD49A64C3D3}.Ad-Hoc|iPhone.ActiveCfg = Debug|Any CPU
		{553640BE-A87A-4A54-8884-EAD49A64C3D3}.Ad-Hoc|iPhone.Build.0 = Debug|Any CPU
		{553640BE-A87A-4A54-8884-EAD49A64C3D3}.Ad-Hoc|iPhoneSimulator.ActiveCfg = Release|Any CPU
		{553640BE-A87A-4A54-8884-EAD49A64C3D3}.Ad-Hoc|iPhoneSimulator.Build.0 = Release|Any CPU
		{553640BE-A87A-4A54-8884-EAD49A64C3D3}.AppStore|Any CPU.ActiveCfg = Release|Any CPU
		{553640BE-A87A-4A54-8884-EAD49A64C3D3}.AppStore|Any CPU.Build.0 = Release|Any CPU
		{553640BE-A87A-4A54-8884-EAD49A64C3D3}.AppStore|iPhone.ActiveCfg = Debug|Any CPU
		{553640BE-A87A-4A54-8884-EAD49A64C3D3}.AppStore|iPhone.Build.0 = Debug|Any CPU
		{553640BE-A87A-4A54-8884-EAD49A64C3D3}.AppStore|iPhoneSimulator.ActiveCfg = Release|Any CPU
		{553640BE-A87A-4A54-8884-EAD49A64C3D3}.AppStore|iPhoneSimulator.Build.0 = Release|Any CPU
		{553640BE-A87A-4A54-8884-EAD49A64C3D3}.Debug|Any CPU.ActiveCfg = Debug|Any CPU
		{553640BE-A87A-4A54-8884-EAD49A64C3D3}.Debug|Any CPU.Build.0 = Debug|Any CPU
		{553640BE-A87A-4A54-8884-EAD49A64C3D3}.Debug|iPhone.ActiveCfg = Debug|Any CPU
		{553640BE-A87A-4A54-8884-EAD49A64C3D3}.Debug|iPhone.Build.0 = Debug|Any CPU
		{553640BE-A87A-4A54-8884-EAD49A64C3D3}.Debug|iPhoneSimulator.ActiveCfg = Debug|Any CPU
		{553640BE-A87A-4A54-8884-EAD49A64C3D3}.Debug|iPhoneSimulator.Build.0 = Debug|Any CPU
		{553640BE-A87A-4A54-8884-EAD49A64C3D3}.Release|Any CPU.ActiveCfg = Release|Any CPU
		{553640BE-A87A-4A54-8884-EAD49A64C3D3}.Release|Any CPU.Build.0 = Release|Any CPU
		{553640BE-A87A-4A54-8884-EAD49A64C3D3}.Release|iPhone.ActiveCfg = Release|Any CPU
		{553640BE-A87A-4A54-8884-EAD49A64C3D3}.Release|iPhone.Build.0 = Release|Any CPU
		{553640BE-A87A-4A54-8884-EAD49A64C3D3}.Release|iPhoneSimulator.ActiveCfg = Release|Any CPU
		{553640BE-A87A-4A54-8884-EAD49A64C3D3}.Release|iPhoneSimulator.Build.0 = Release|Any CPU
	EndGlobalSection
	GlobalSection(SolutionProperties) = preSolution
		HideSolutionNode = FALSE
	EndGlobalSection
	GlobalSection(ExtensibilityGlobals) = postSolution
		SolutionGuid = {915646C0-4D7C-4E20-B90D-E17B6BBC7426}
	EndGlobalSection
EndGlobal
